
Microsoft Visual Studio Solution File, Format Version 12.00
# Visual Studio Version 17
VisualStudioVersion = 17.3.32929.385
MinimumVisualStudioVersion = 10.0.40219.1
Project("{8BC9CEB8-8B4A-11D0-8D11-00A0C91BC942}") = "1 (lambda)", "1 (lambda).vcxproj", "{CA64DD37-24FD-4B0C-8C27-562D2A81CFAB}"
EndProject
Global
	GlobalSection(SolutionConfigurationPlatforms) = preSolution
		Debug|x64 = Debug|x64
		Debug|x86 = Debug|x86
		Release|x64 = Release|x64
		Release|x86 = Release|x86
	EndGlobalSection
	GlobalSection(ProjectConfigurationPlatforms) = postSolution
		{CA64DD37-24FD-4B0C-8C27-562D2A81CFAB}.Debug|x64.ActiveCfg = Debug|x64
		{CA64DD37-24FD-4B0C-8C27-562D2A81CFAB}.Debug|x64.Build.0 = Debug|x64
		{CA64DD37-24FD-4B0C-8C27-562D2A81CFAB}.Debug|x86.ActiveCfg = Debug|Win32
		{CA64DD37-24FD-4B0C-8C27-562D2A81CFAB}.Debug|x86.Build.0 = Debug|Win32
		{CA64DD37-24FD-4B0C-8C27-562D2A81CFAB}.Release|x64.ActiveCfg = Release|x64
		{CA64DD37-24FD-4B0C-8C27-562D2A81CFAB}.Release|x64.Build.0 = Release|x64
		{CA64DD37-24FD-4B0C-8C27-562D2A81CFAB}.Release|x86.ActiveCfg = Release|Win32
		{CA64DD37-24FD-4B0C-8C27-562D2A81CFAB}.Release|x86.Build.0 = Release|Win32
	EndGlobalSection
	GlobalSection(SolutionProperties) = preSolution
		HideSolutionNode = FALSE
	EndGlobalSection
	GlobalSection(ExtensibilityGlobals) = postSolution
		SolutionGuid = {DC91C74A-C3F3-4FAB-B4B5-5E56D958044E}
	EndGlobalSection
EndGlobal
